<?xml version="1.0" encoding="utf-8"?>
<Project ToolsVersion="4.0" xmlns="http://schemas.microsoft.com/developer/msbuild/2003">
  <ItemGroup>
    <Filter Include="Source Files"><UniqueIdentifier>{11111111-1111-1111-1111-111111111111}</UniqueIdentifier></Filter>
    <Filter Include="Header Files"><UniqueIdentifier>{22222222-2222-2222-2222-222222222222}</UniqueIdentifier></Filter>
    <Filter Include="Resource Files"><UniqueIdentifier>{33333333-3333-3333-3333-333333333333}</UniqueIdentifier></Filter>
  </ItemGroup>
  <ItemGroup><ClCompile Include="src\HomeUIImpl.cpp"><Filter>Source Files</Filter></ClCompile></ItemGroup>
  <ItemGroup><ClInclude Include="include\HomeUI.h"><Filter>Header Files</Filter></ClInclude><ClInclude Include="src\HomeUIImpl.h"><Filter>Header Files</Filter></ClInclude></ItemGroup>
  <ItemGroup><ResourceCompile Include="src\Version.rc"><Filter>Resource Files</Filter></ResourceCompile></ItemGroup>
</Project>
